{
  "version": "5",
  "specifiers": {
    "jsr:@supabase/functions-js@^0.0.0-automated": "0.0.0-jsr-test.1",
    "jsr:@supabase/supabase-js@2": "2.105.4"
  },
  "jsr": {
    "@supabase/functions-js@0.0.0-jsr-test.1": {
      "integrity": "b1b37924af1f0011b4753201e1585a37b030e996c6682492e02575eb27d902b2"
    },
    "@supabase/supabase-js@2.105.4": {
      "integrity": "9917385444fbb10ed75652c01e7f5b3beda999caffcbc3e93f4f40c087a325a7",
      "dependencies": [
        "jsr:@supabase/functions-js"
      ]
    }
  },
  "workspace": {
    "packageJson": {
      "dependencies": [
        "npm:@supabase/supabase-js@^2.104.1",
        "npm:@types/howler@^2.2.12",
        "npm:@types/node@20.14.10",
        "npm:@types/react-dom@18.3.0",
        "npm:@types/react@18.3.3",
        "npm:@vitest/ui@^4.1.5",
        "npm:autoprefixer@10.4.19",
        "npm:clsx@2.1.1",
        "npm:howler@^2.2.4",
        "npm:nanoid@5.0.7",
        "npm:next@^14.2.33",
        "npm:postcss@8.4.39",
        "npm:react-dom@18.3.1",
        "npm:react@18.3.1",
        "npm:socket.io-client@4.7.5",
        "npm:socket.io@4.7.5",
        "npm:tailwindcss@3.4.6",
        "npm:tsx@4.16.2",
        "npm:typescript@5.5.3",
        "npm:vitest@^4.1.5"
      ]
    }
  }
}
